
Microsoft Visual Studio Solution File, Format Version 12.00
# Visual Studio Version 17
VisualStudioVersion = 17.11.35312.102
MinimumVisualStudioVersion = 10.0.40219.1
Project("{FAE04EC0-301F-11D3-BF4B-00C04F79EFBC}") = "ListerAppNetCore", "ListerAppNetCore.csproj", "{A51F5C11-BA5E-4522-832E-FC12D0C8E331}"
EndProject
Global
	GlobalSection(SolutionConfigurationPlatforms) = preSolution
		Debug|Any CPU = Debug|Any CPU
		Release|Any CPU = Release|Any CPU
	EndGlobalSection
	GlobalSection(ProjectConfigurationPlatforms) = postSolution
		{A51F5C11-BA5E-4522-832E-FC12D0C8E331}.Debug|Any CPU.ActiveCfg = Debug|Any CPU
		{A51F5C11-BA5E-4522-832E-FC12D0C8E331}.Debug|Any CPU.Build.0 = Debug|Any CPU
		{A51F5C11-BA5E-4522-832E-FC12D0C8E331}.Release|Any CPU.ActiveCfg = Release|Any CPU
		{A51F5C11-BA5E-4522-832E-FC12D0C8E331}.Release|Any CPU.Build.0 = Release|Any CPU
	EndGlobalSection
	GlobalSection(SolutionProperties) = preSolution
		HideSolutionNode = FALSE
	EndGlobalSection
	GlobalSection(ExtensibilityGlobals) = postSolution
		SolutionGuid = {E23CB46B-8EC0-4300-B922-54239265F4FB}
	EndGlobalSection
EndGlobal
